
Microsoft Visual Studio Solution File, Format Version 12.00
# Visual Studio Version 17
VisualStudioVersion = 17.8.34525.116
MinimumVisualStudioVersion = 10.0.40219.1
Project("{FAE04EC0-301F-11D3-BF4B-00C04F79EFBC}") = "sistemaVentas", "sistemaVentas\sistemaVentas.csproj", "{AA51EE0C-FE31-4576-8740-BBA8311EC25E}"
EndProject
Global
	GlobalSection(SolutionConfigurationPlatforms) = preSolution
		Debug|Any CPU = Debug|Any CPU
		Release|Any CPU = Release|Any CPU
	EndGlobalSection
	GlobalSection(ProjectConfigurationPlatforms) = postSolution
		{AA51EE0C-FE31-4576-8740-BBA8311EC25E}.Debug|Any CPU.ActiveCfg = Debug|Any CPU
		{AA51EE0C-FE31-4576-8740-BBA8311EC25E}.Debug|Any CPU.Build.0 = Debug|Any CPU
		{AA51EE0C-FE31-4576-8740-BBA8311EC25E}.Release|Any CPU.ActiveCfg = Release|Any CPU
		{AA51EE0C-FE31-4576-8740-BBA8311EC25E}.Release|Any CPU.Build.0 = Release|Any CPU
	EndGlobalSection
	GlobalSection(SolutionProperties) = preSolution
		HideSolutionNode = FALSE
	EndGlobalSection
	GlobalSection(ExtensibilityGlobals) = postSolution
		SolutionGuid = {DB8E295D-7451-41B8-BA6D-5CE903E401B4}
	EndGlobalSection
EndGlobal
